// !$*UTF8*$!
{
	archiveVersion = 1;
	classes = {
	};
	objectVersion = 46;
	objects = {

/* Begin PBXBuildFile section */
		1D9091501A1ED41F00521EEE /* main.m in Sources */ = {isa = PBXBuildFile; fileRef = 1D90914F1A1ED41F00521EEE /* main.m */; };
		1D9091531A1ED41F00521EEE /* AppDelegate.m in Sources */ = {isa = PBXBuildFile; fileRef = 1D9091521A1ED41F00521EEE /* AppDelegate.m */; };
		1D9091561A1ED41F00521EEE /* ViewController.m in Sources */ = {isa = PBXBuildFile; fileRef = 1D9091551A1ED41F00521EEE /* ViewController.m */; };
		1D9091591A1ED41F00521EEE /* Main.storyboard in Resources */ = {isa = PBXBuildFile; fileRef = 1D9091571A1ED41F00521EEE /* Main.storyboard */; };
		1D90915B1A1ED41F00521EEE /* Images.xcassets in Resources */ = {isa = PBXBuildFile; fileRef = 1D90915A1A1ED41F00521EEE /* Images.xcassets */; };
		1D90915E1A1ED41F00521EEE /* LaunchScreen.xib in Resources */ = {isa = PBXBuildFile; fileRef = 1D90915C1A1ED41F00521EEE /* LaunchScreen.xib */; };
		1D90916A1A1ED42000521EEE /* choresTests.m in Sources */ = {isa = PBXBuildFile; fileRef = 1D9091691A1ED42000521EEE /* choresTests.m */; };
/* End PBXBuildFile section */

/* Begin PBXContainerItemProxy section */
		1D9091641A1ED42000521EEE /* PBXContainerItemProxy */ = {
			isa = PBXContainerItemProxy;
			containerPortal = 1D9091421A1ED41D00521EEE /* Project object */;
			proxyType = 1;
			remoteGlobalIDString = 1D9091491A1ED41E00521EEE;
			remoteInfo = chores;
		};
/* End PBXContainerItemProxy section */

/* Begin PBXFileReference section */
		1D90914A1A1ED41F00521EEE /* chores.app */ = {isa = PBXFileReference; explicitFileType = wrapper.application; includeInIndex = 0; path = chores.app; sourceTree = BUILT_PRODUCTS_DIR; };
		1D90914E1A1ED41F00521EEE /* Info.plist */ = {isa = PBXFileReference; lastKnownFileType = text.plist.xml; path = Info.plist; sourceTree = "<group>"; };
		1D90914F1A1ED41F00521EEE /* main.m */ = {isa = PBXFileReference; lastKnownFileType = sourcecode.c.objc; path = main.m; sourceTree = "<group>"; };
		1D9091511A1ED41F00521EEE /* AppDelegate.h */ = {isa = PBXFileReference; lastKnownFileType = sourcecode.c.h; path = AppDelegate.h; sourceTree = "<group>"; };
		1D9091521A1ED41F00521EEE /* AppDelegate.m */ = {isa = PBXFileReference; lastKnownFileType = sourcecode.c.objc; path = AppDelegate.m; sourceTree = "<group>"; };
		1D9091541A1ED41F00521EEE /* ViewController.h */ = {isa = PBXFileReference; lastKnownFileType = sourcecode.c.h; path = ViewController.h; sourceTree = "<group>"; };
		1D9091551A1ED41F00521EEE /* ViewController.m */ = {isa = PBXFileReference; lastKnownFileType = sourcecode.c.objc; path = ViewController.m; sourceTree = "<group>"; };
		1D9091581A1ED41F00521EEE /* Base */ = {isa = PBXFileReference; lastKnownFileType = file.storyboard; name = Base; path = Base.lproj/Main.storyboard; sourceTree = "<group>"; };
		1D90915A1A1ED41F00521EEE /* Images.xcassets */ = {isa = PBXFileReference; lastKnownFileType = folder.assetcatalog; path = Images.xcassets; sourceTree = "<group>"; };
		1D90915D1A1ED41F00521EEE /* Base */ = {isa = PBXFileReference; lastKnownFileType = file.xib; name = Base; path = Base.lproj/LaunchScreen.xib; sourceTree = "<group>"; };
		1D9091631A1ED42000521EEE /* choresTests.xctest */ = {isa = PBXFileReference; explicitFileType = wrapper.cfbundle; includeInIndex = 0; path = choresTests.xctest; sourceTree = BUILT_PRODUCTS_DIR; };
		1D9091681A1ED42000521EEE /* Info.plist */ = {isa = PBXFileReference; lastKnownFileType = text.plist.xml; path = Info.plist; sourceTree = "<group>"; };
		1D9091691A1ED42000521EEE /* choresTests.m */ = {isa = PBXFileReference; lastKnownFileType = sourcecode.c.objc; path = choresTests.m; sourceTree = "<group>"; };
/* End PBXFileReference section */

/* Begin PBXFrameworksBuildPhase section */
		1D9091471A1ED41E00521EEE /* Frameworks */ = {
			isa = PBXFrameworksBuildPhase;
			buildActionMask = 2147483647;
			files = (
			);
			runOnlyForDeploymentPostprocessing = 0;
		};
		1D9091601A1ED42000521EEE /* Frameworks */ = {
			isa = PBXFrameworksBuildPhase;
			buildActionMask = 2147483647;
			files = (
			);
			runOnlyForDeploymentPostprocessing = 0;
		};
/* End PBXFrameworksBuildPhase section */

/* Begin PBXGroup section */
		1D9091411A1ED41D00521EEE = {
			isa = PBXGroup;
			children = (
				1D90914C1A1ED41F00521EEE /* chores */,
				1D9091661A1ED42000521EEE /* choresTests */,
				1D90914B1A1ED41F00521EEE /* Products */,
			);
			sourceTree = "<group>";
		};
		1D90914B1A1ED41F00521EEE /* Products */ = {
			isa = PBXGroup;
			children = (
				1D90914A1A1ED41F00521EEE /* chores.app */,
				1D9091631A1ED42000521EEE /* choresTests.xctest */,
			);
			name = Products;
			sourceTree = "<group>";
		};
		1D90914C1A1ED41F00521EEE /* chores */ = {
			isa = PBXGroup;
			children = (
				1D9091511A1ED41F00521EEE /* AppDelegate.h */,
				1D9091521A1ED41F00521EEE /* AppDelegate.m */,
				1D9091541A1ED41F00521EEE /* ViewController.h */,
				1D9091551A1ED41F00521EEE /* ViewController.m */,
				1D9091571A1ED41F00521EEE /* Main.storyboard */,
				1D90915A1A1ED41F00521EEE /* Images.xcassets */,
				1D90915C1A1ED41F00521EEE /* LaunchScreen.xib */,
				1D90914D1A1ED41F00521EEE /* Supporting Files */,
			);
			path = chores;
			sourceTree = "<group>";
		};
		1D90914D1A1ED41F00521EEE /* Supporting Files */ = {
			isa = PBXGroup;
			children = (
				1D90914E1A1ED41F00521EEE /* Info.plist */,
				1D90914F1A1ED41F00521EEE /* main.m */,
			);
			name = "Supporting Files";
			sourceTree = "<group>";
		};
		1D9091661A1ED42000521EEE /* choresTests */ = {
			isa = PBXGroup;
			children = (
				1D9091691A1ED42000521EEE /* choresTests.m */,
				1D9091671A1ED42000521EEE /* Supporting Files */,
			);
			path = choresTests;
			sourceTree = "<group>";
		};
		1D9091671A1ED42000521EEE /* Supporting Files */ = {
			isa = PBXGroup;
			children = (
				1D9091681A1ED42000521EEE /* Info.plist */,
			);
			name = "Supporting Files";
			sourceTree = "<group>";
		};
/* End PBXGroup section */

/* Begin PBXNativeTarget section */
		1D9091491A1ED41E00521EEE /* chores */ = {
			isa = PBXNativeTarget;
			buildConfigurationList = 1D90916D1A1ED42000521EEE /* Build configuration list for PBXNativeTarget "chores" */;
			buildPhases = (
				1D9091461A1ED41E00521EEE /* Sources */,
				1D9091471A1ED41E00521EEE /* Frameworks */,
				1D9091481A1ED41E00521EEE /* Resources */,
			);
			buildRules = (
			);
			dependencies = (
			);
			name = chores;
			productName = chores;
			productReference = 1D90914A1A1ED41F00521EEE /* chores.app */;
			productType = "com.apple.product-type.application";
		};
		1D9091621A1ED42000521EEE /* choresTests */ = {
			isa = PBXNativeTarget;
			buildConfigurationList = 1D9091701A1ED42000521EEE /* Build configuration list for PBXNativeTarget "choresTests" */;
			buildPhases = (
				1D90915F1A1ED42000521EEE /* Sources */,
				1D9091601A1ED42000521EEE /* Frameworks */,
				1D9091611A1ED42000521EEE /* Resources */,
			);
			buildRules = (
			);
			dependencies = (
				1D9091651A1ED42000521EEE /* PBXTargetDependency */,
			);
			name = choresTests;
			productName = choresTests;
			productReference = 1D9091631A1ED42000521EEE /* choresTests.xctest */;
			productType = "com.apple.product-type.bundle.unit-test";
		};
/* End PBXNativeTarget section */

/* Begin PBXProject section */
		1D9091421A1ED41D00521EEE /* Project object */ = {
			isa = PBXProject;
			attributes = {
				LastUpgradeCheck = 0610;
				ORGANIZATIONNAME = "Carla Clay";
				TargetAttributes = {
					1D9091491A1ED41E00521EEE = {
						CreatedOnToolsVersion = 6.1;
					};
					1D9091621A1ED42000521EEE = {
						CreatedOnToolsVersion = 6.1;
						TestTargetID = 1D9091491A1ED41E00521EEE;
					};
				};
			};
			buildConfigurationList = 1D9091451A1ED41D00521EEE /* Build configuration list for PBXProject "chores" */;
			compatibilityVersion = "Xcode 3.2";
			developmentRegion = English;
			hasScannedForEncodings = 0;
			knownRegions = (
				en,
				Base,
			);
			mainGroup = 1D9091411A1ED41D00521EEE;
			productRefGroup = 1D90914B1A1ED41F00521EEE /* Products */;
			projectDirPath = "";
			projectRoot = "";
			targets = (
				1D9091491A1ED41E00521EEE /* chores */,
				1D9091621A1ED42000521EEE /* choresTests */,
			);
		};
/* End PBXProject section */

/* Begin PBXResourcesBuildPhase section */
		1D9091481A1ED41E00521EEE /* Resources */ = {
			isa = PBXResourcesBuildPhase;
			buildActionMask = 2147483647;
			files = (
				1D9091591A1ED41F00521EEE /* Main.storyboard in Resources */,
				1D90915E1A1ED41F00521EEE /* LaunchScreen.xib in Resources */,
				1D90915B1A1ED41F00521EEE /* Images.xcassets in Resources */,
			);
			runOnlyForDeploymentPostprocessing = 0;
		};
		1D9091611A1ED42000521EEE /* Resources */ = {
			isa = PBXResourcesBuildPhase;
			buildActionMask = 2147483647;
			files = (
			);
			runOnlyForDeploymentPostprocessing = 0;
		};
/* End PBXResourcesBuildPhase section */

/* Begin PBXSourcesBuildPhase section */
		1D9091461A1ED41E00521EEE /* Sources */ = {
			isa = PBXSourcesBuildPhase;
			buildActionMask = 2147483647;
			files = (
				1D9091561A1ED41F00521EEE /* ViewController.m in Sources */,
				1D9091531A1ED41F00521EEE /* AppDelegate.m in Sources */,
				1D9091501A1ED41F00521EEE /* main.m in Sources */,
			);
			runOnlyForDeploymentPostprocessing = 0;
		};
		1D90915F1A1ED42000521EEE /* Sources */ = {
			isa = PBXSourcesBuildPhase;
			buildActionMask = 2147483647;
			files = (
				1D90916A1A1ED42000521EEE /* choresTests.m in Sources */,
			);
			runOnlyForDeploymentPostprocessing = 0;
		};
/* End PBXSourcesBuildPhase section */

/* Begin PBXTargetDependency section */
		1D9091651A1ED42000521EEE /* PBXTargetDependency */ = {
			isa = PBXTargetDependency;
			target = 1D9091491A1ED41E00521EEE /* chores */;
			targetProxy = 1D9091641A1ED42000521EEE /* PBXContainerItemProxy */;
		};
/* End PBXTargetDependency section */

/* Begin PBXVariantGroup section */
		1D9091571A1ED41F00521EEE /* Main.storyboard */ = {
			isa = PBXVariantGroup;
			children = (
				1D9091581A1ED41F00521EEE /* Base */,
			);
			name = Main.storyboard;
			sourceTree = "<group>";
		};
		1D90915C1A1ED41F00521EEE /* LaunchScreen.xib */ = {
			isa = PBXVariantGroup;
			children = (
				1D90915D1A1ED41F00521EEE /* Base */,
			);
			name = LaunchScreen.xib;
			sourceTree = "<group>";
		};
/* End PBXVariantGroup section */

/* Begin XCBuildConfiguration section */
		1D90916B1A1ED42000521EEE /* Debug */ = {
			isa = XCBuildConfiguration;
			buildSettings = {
				ALWAYS_SEARCH_USER_PATHS = NO;
				CLANG_CXX_LANGUAGE_STANDARD = "gnu++0x";
				CLANG_CXX_LIBRARY = "libc++";
				CLANG_ENABLE_MODULES = YES;
				CLANG_ENABLE_OBJC_ARC = YES;
				CLANG_WARN_BOOL_CONVERSION = YES;
				CLANG_WARN_CONSTANT_CONVERSION = YES;
				CLANG_WARN_DIRECT_OBJC_ISA_USAGE = YES_ERROR;
				CLANG_WARN_EMPTY_BODY = YES;
				CLANG_WARN_ENUM_CONVERSION = YES;
				CLANG_WARN_INT_CONVERSION = YES;
				CLANG_WARN_OBJC_ROOT_CLASS = YES_ERROR;
				CLANG_WARN_UNREACHABLE_CODE = YES;
				CLANG_WARN__DUPLICATE_METHOD_MATCH = YES;
				"CODE_SIGN_IDENTITY[sdk=iphoneos*]" = "iPhone Developer";
				COPY_PHASE_STRIP = NO;
				ENABLE_STRICT_OBJC_MSGSEND = YES;
				GCC_C_LANGUAGE_STANDARD = gnu99;
				GCC_DYNAMIC_NO_PIC = NO;
				GCC_OPTIMIZATION_LEVEL = 0;
				GCC_PREPROCESSOR_DEFINITIONS = (
					"DEBUG=1",
					"$(inherited)",
				);
				GCC_SYMBOLS_PRIVATE_EXTERN = NO;
				GCC_WARN_64_TO_32_BIT_CONVERSION = YES;
				GCC_WARN_ABOUT_RETURN_TYPE = YES_ERROR;
				GCC_WARN_UNDECLARED_SELECTOR = YES;
				GCC_WARN_UNINITIALIZED_AUTOS = YES_AGGRESSIVE;
				GCC_WARN_UNUSED_FUNCTION = YES;
				GCC_WARN_UNUSED_VARIABLE = YES;
				IPHONEOS_DEPLOYMENT_TARGET = 8.1;
				MTL_ENABLE_DEBUG_INFO = YES;
				ONLY_ACTIVE_ARCH = YES;
				SDKROOT = iphoneos;
			};
			name = Debug;
		};
		1D90916C1A1ED42000521EEE /* Release */ = {
			isa = XCBuildConfiguration;
			buildSettings = {
				ALWAYS_SEARCH_USER_PATHS = NO;
				CLANG_CXX_LANGUAGE_STANDARD = "gnu++0x";
				CLANG_CXX_LIBRARY = "libc++";
				CLANG_ENABLE_MODULES = YES;
				CLANG_ENABLE_OBJC_ARC = YES;
				CLANG_WARN_BOOL_CONVERSION = YES;
				CLANG_WARN_CONSTANT_CONVERSION = YES;
				CLANG_WARN_DIRECT_OBJC_ISA_USAGE = YES_ERROR;
				CLANG_WARN_EMPTY_BODY = YES;
				CLANG_WARN_ENUM_CONVERSION = YES;
				CLANG_WARN_INT_CONVERSION = YES;
				CLANG_WARN_OBJC_ROOT_CLASS = YES_ERROR;
				CLANG_WARN_UNREACHABLE_CODE = YES;
				CLANG_WARN__DUPLICATE_METHOD_MATCH = YES;
				"CODE_SIGN_IDENTITY[sdk=iphoneos*]" = "iPhone Developer";
				COPY_PHASE_STRIP = YES;
				ENABLE_NS_ASSERTIONS = NO;
				ENABLE_STRICT_OBJC_MSGSEND = YES;
				GCC_C_LANGUAGE_STANDARD = gnu99;
				GCC_WARN_64_TO_32_BIT_CONVERSION = YES;
				GCC_WARN_ABOUT_RETURN_TYPE = YES_ERROR;
				GCC_WARN_UNDECLARED_SELECTOR = YES;
				GCC_WARN_UNINITIALIZED_AUTOS = YES_AGGRESSIVE;
				GCC_WARN_UNUSED_FUNCTION = YES;
				GCC_WARN_UNUSED_VARIABLE = YES;
				IPHONEOS_DEPLOYMENT_TARGET = 8.1;
				MTL_ENABLE_DEBUG_INFO = NO;
				SDKROOT = iphoneos;
				VALIDATE_PRODUCT = YES;
			};
			name = Release;
		};
		1D90916E1A1ED42000521EEE /* Debug */ = {
			isa = XCBuildConfiguration;
			buildSettings = {
				ASSETCATALOG_COMPILER_APPICON_NAME = AppIcon;
				INFOPLIST_FILE = chores/Info.plist;
				LD_RUNPATH_SEARCH_PATHS = "$(inherited) @executable_path/Frameworks";
				PRODUCT_NAME = "$(TARGET_NAME)";
			};
			name = Debug;
		};
		1D90916F1A1ED42000521EEE /* Release */ = {
			isa = XCBuildConfiguration;
			buildSettings = {
				ASSETCATALOG_COMPILER_APPICON_NAME = AppIcon;
				INFOPLIST_FILE = chores/Info.plist;
				LD_RUNPATH_SEARCH_PATHS = "$(inherited) @executable_path/Frameworks";
				PRODUCT_NAME = "$(TARGET_NAME)";
			};
			name = Release;
		};
		1D9091711A1ED42000521EEE /* Debug */ = {
			isa = XCBuildConfiguration;
			buildSettings = {
				BUNDLE_LOADER = "$(TEST_HOST)";
				FRAMEWORK_SEARCH_PATHS = (
					"$(SDKROOT)/Developer/Library/Frameworks",
					"$(inherited)",
				);
				GCC_PREPROCESSOR_DEFINITIONS = (
					"DEBUG=1",
					"$(inherited)",
				);
				INFOPLIST_FILE = choresTests/Info.plist;
				LD_RUNPATH_SEARCH_PATHS = "$(inherited) @executable_path/Frameworks @loader_path/Frameworks";
				PRODUCT_NAME = "$(TARGET_NAME)";
				TEST_HOST = "$(BUILT_PRODUCTS_DIR)/chores.app/chores";
			};
			name = Debug;
		};
		1D9091721A1ED42000521EEE /* Release */ = {
			isa = XCBuildConfiguration;
			buildSettings = {
				BUNDLE_LOADER = "$(TEST_HOST)";
				FRAMEWORK_SEARCH_PATHS = (
					"$(SDKROOT)/Developer/Library/Frameworks",
					"$(inherited)",
				);
				INFOPLIST_FILE = choresTests/Info.plist;
				LD_RUNPATH_SEARCH_PATHS = "$(inherited) @executable_path/Frameworks @loader_path/Frameworks";
				PRODUCT_NAME = "$(TARGET_NAME)";
				TEST_HOST = "$(BUILT_PRODUCTS_DIR)/chores.app/chores";
			};
			name = Release;
		};
/* End XCBuildConfiguration section */

/* Begin XCConfigurationList section */
		1D9091451A1ED41D00521EEE /* Build configuration list for PBXProject "chores" */ = {
			isa = XCConfigurationList;
			buildConfigurations = (
				1D90916B1A1ED42000521EEE /* Debug */,
				1D90916C1A1ED42000521EEE /* Release */,
			);
			defaultConfigurationIsVisible = 0;
			defaultConfigurationName = Release;
		};
		1D90916D1A1ED42000521EEE /* Build configuration list for PBXNativeTarget "chores" */ = {
			isa = XCConfigurationList;
			buildConfigurations = (
				1D90916E1A1ED42000521EEE /* Debug */,
				1D90916F1A1ED42000521EEE /* Release */,
			);
			defaultConfigurationIsVisible = 0;
		};
		1D9091701A1ED42000521EEE /* Build configuration list for PBXNativeTarget "choresTests" */ = {
			isa = XCConfigurationList;
			buildConfigurations = (
				1D9091711A1ED42000521EEE /* Debug */,
				1D9091721A1ED42000521EEE /* Release */,
			);
			defaultConfigurationIsVisible = 0;
		};
/* End XCConfigurationList section */
	};
	rootObject = 1D9091421A1ED41D00521EEE /* Project object */;
}
